
Microsoft Visual Studio Solution File, Format Version 12.00
# Visual Studio Version 16
VisualStudioVersion = 16.0.30717.126
MinimumVisualStudioVersion = 10.0.40219.1
Project("{FAE04EC0-301F-11D3-BF4B-00C04F79EFBC}") = "Webscan.NotificationProcessor", "Webscan.NotificationProcessor\Webscan.NotificationProcessor.csproj", "{46FC16F7-2CEC-44BE-BEC4-5589276584F2}"
EndProject
Global
	GlobalSection(SolutionConfigurationPlatforms) = preSolution
		Debug|Any CPU = Debug|Any CPU
		Release|Any CPU = Release|Any CPU
	EndGlobalSection
	GlobalSection(ProjectConfigurationPlatforms) = postSolution
		{46FC16F7-2CEC-44BE-BEC4-5589276584F2}.Debug|Any CPU.ActiveCfg = Debug|Any CPU
		{46FC16F7-2CEC-44BE-BEC4-5589276584F2}.Debug|Any CPU.Build.0 = Debug|Any CPU
		{46FC16F7-2CEC-44BE-BEC4-5589276584F2}.Release|Any CPU.ActiveCfg = Release|Any CPU
		{46FC16F7-2CEC-44BE-BEC4-5589276584F2}.Release|Any CPU.Build.0 = Release|Any CPU
	EndGlobalSection
	GlobalSection(SolutionProperties) = preSolution
		HideSolutionNode = FALSE
	EndGlobalSection
	GlobalSection(ExtensibilityGlobals) = postSolution
		SolutionGuid = {000AA971-7AA7-450F-B921-67D052FD33B1}
	EndGlobalSection
EndGlobal
